
Microsoft Visual Studio Solution File, Format Version 12.00
# Visual Studio Version 17
VisualStudioVersion = 17.5.33627.172
MinimumVisualStudioVersion = 10.0.40219.1
Project("{8BC9CEB8-8B4A-11D0-8D11-00A0C91BC942}") = "FlexLayout", "FlexLayout.vcxproj", "{43EAC364-E8E1-4956-A476-DB1F6123F177}"
EndProject
Project("{8BC9CEB8-8B4A-11D0-8D11-00A0C91BC942}") = "Example", "Example\Example.vcxproj", "{7D4A65DB-01F6-4CC2-B33E-0C0CCC271D08}"
EndProject
Project("{8BC9CEB8-8B4A-11D0-8D11-00A0C91BC942}") = "Test", "Test\Test.vcxproj", "{B1E6787F-1F69-469E-A5F7-EA5C8027EB06}"
EndProject
Global
	GlobalSection(SolutionConfigurationPlatforms) = preSolution
		Debug|x64 = Debug|x64
		Debug|x86 = Debug|x86
		Release|x64 = Release|x64
		Release|x86 = Release|x86
	EndGlobalSection
	GlobalSection(ProjectConfigurationPlatforms) = postSolution
		{43EAC364-E8E1-4956-A476-DB1F6123F177}.Debug|x64.ActiveCfg = Debug|x64
		{43EAC364-E8E1-4956-A476-DB1F6123F177}.Debug|x64.Build.0 = Debug|x64
		{43EAC364-E8E1-4956-A476-DB1F6123F177}.Debug|x86.ActiveCfg = Debug|x64
		{43EAC364-E8E1-4956-A476-DB1F6123F177}.Debug|x86.Build.0 = Debug|x64
		{43EAC364-E8E1-4956-A476-DB1F6123F177}.Release|x64.ActiveCfg = Release|x64
		{43EAC364-E8E1-4956-A476-DB1F6123F177}.Release|x64.Build.0 = Release|x64
		{43EAC364-E8E1-4956-A476-DB1F6123F177}.Release|x86.ActiveCfg = Release|x64
		{43EAC364-E8E1-4956-A476-DB1F6123F177}.Release|x86.Build.0 = Release|x64
		{7D4A65DB-01F6-4CC2-B33E-0C0CCC271D08}.Debug|x64.ActiveCfg = Debug|x64
		{7D4A65DB-01F6-4CC2-B33E-0C0CCC271D08}.Debug|x64.Build.0 = Debug|x64
		{7D4A65DB-01F6-4CC2-B33E-0C0CCC271D08}.Debug|x86.ActiveCfg = Debug|x64
		{7D4A65DB-01F6-4CC2-B33E-0C0CCC271D08}.Debug|x86.Build.0 = Debug|x64
		{7D4A65DB-01F6-4CC2-B33E-0C0CCC271D08}.Release|x64.ActiveCfg = Release|x64
		{7D4A65DB-01F6-4CC2-B33E-0C0CCC271D08}.Release|x64.Build.0 = Release|x64
		{7D4A65DB-01F6-4CC2-B33E-0C0CCC271D08}.Release|x86.ActiveCfg = Release|x64
		{7D4A65DB-01F6-4CC2-B33E-0C0CCC271D08}.Release|x86.Build.0 = Release|x64
		{B1E6787F-1F69-469E-A5F7-EA5C8027EB06}.Debug|x64.ActiveCfg = Debug|x64
		{B1E6787F-1F69-469E-A5F7-EA5C8027EB06}.Debug|x64.Build.0 = Debug|x64
		{B1E6787F-1F69-469E-A5F7-EA5C8027EB06}.Debug|x86.ActiveCfg = Debug|x64
		{B1E6787F-1F69-469E-A5F7-EA5C8027EB06}.Debug|x86.Build.0 = Debug|x64
		{B1E6787F-1F69-469E-A5F7-EA5C8027EB06}.Release|x64.ActiveCfg = Release|x64
		{B1E6787F-1F69-469E-A5F7-EA5C8027EB06}.Release|x64.Build.0 = Release|x64
		{B1E6787F-1F69-469E-A5F7-EA5C8027EB06}.Release|x86.ActiveCfg = Release|x64
		{B1E6787F-1F69-469E-A5F7-EA5C8027EB06}.Release|x86.Build.0 = Release|x64
	EndGlobalSection
	GlobalSection(SolutionProperties) = preSolution
		HideSolutionNode = FALSE
	EndGlobalSection
	GlobalSection(ExtensibilityGlobals) = postSolution
		SolutionGuid = {4852F6AC-FCAA-493E-A34C-8F80507922C8}
	EndGlobalSection
EndGlobal
